
Microsoft Visual Studio Solution File, Format Version 12.00
# Visual Studio Version 17
VisualStudioVersion = 17.4.33205.214
MinimumVisualStudioVersion = 10.0.40219.1
Project("{FAE04EC0-301F-11D3-BF4B-00C04F79EFBC}") = "DLLdotNetResourceReader", "DLLdotNetResourceReader.csproj", "{EC47A99A-58C5-4AF3-932A-E2FC7E0D3224}"
EndProject
Global
	GlobalSection(SolutionConfigurationPlatforms) = preSolution
		Debug|Any CPU = Debug|Any CPU
		Release|Any CPU = Release|Any CPU
	EndGlobalSection
	GlobalSection(ProjectConfigurationPlatforms) = postSolution
		{EC47A99A-58C5-4AF3-932A-E2FC7E0D3224}.Debug|Any CPU.ActiveCfg = Debug|Any CPU
		{EC47A99A-58C5-4AF3-932A-E2FC7E0D3224}.Debug|Any CPU.Build.0 = Debug|Any CPU
		{EC47A99A-58C5-4AF3-932A-E2FC7E0D3224}.Release|Any CPU.ActiveCfg = Release|Any CPU
		{EC47A99A-58C5-4AF3-932A-E2FC7E0D3224}.Release|Any CPU.Build.0 = Release|Any CPU
	EndGlobalSection
	GlobalSection(SolutionProperties) = preSolution
		HideSolutionNode = FALSE
	EndGlobalSection
	GlobalSection(ExtensibilityGlobals) = postSolution
		SolutionGuid = {F38FD42A-1323-4FA7-93A5-7E220BC4C7FB}
	EndGlobalSection
EndGlobal
